{"format_version":"1.0","provider_schemas":{"registry.terraform.io/rancher/rke":{"provider":{"version":0,"block":{"attributes":{"debug":{"type":"bool","description_kind":"plain","optional":true},"log_file":{"type":"string","description_kind":"plain","optional":true}},"description_kind":"plain"}},"resource_schemas":{"rke_cluster":{"version":0,"block":{"attributes":{"addon_job_timeout":{"type":"number","description":"RKE k8s cluster addon deployment timeout in seconds for status check","description_kind":"plain","optional":true},"addons":{"type":"string","description":"RKE k8s cluster user addons YAML manifest to be deployed","description_kind":"plain","optional":true},"addons_include":{"type":["list","string"],"description":"RKE k8s cluster user addons YAML manifest urls or paths to be deployed","description_kind":"plain","optional":true},"api_server_url":{"type":"string","description":"RKE k8s cluster api server url","description_kind":"plain","computed":true},"ca_crt":{"type":"string","description":"RKE k8s cluster CA certificate","description_kind":"plain","computed":true,"sensitive":true},"cert_dir":{"type":"string","description":"Specify a certificate dir path","description_kind":"plain","optional":true},"certificates":{"type":["list",["object",{"certificate":"string","common_name":"string","config":"string","config_env_name":"string","config_path":"string","env_name":"string","id":"string","key":"string","key_env_name":"string","key_path":"string","name":"string","ou_name":"string","path":"string"}]],"description":"RKE k8s cluster certificates","description_kind":"plain","computed":true,"sensitive":true},"client_cert":{"type":"string","description":"RKE k8s cluster client certificate","description_kind":"plain","computed":true,"sensitive":true},"client_key":{"type":"string","description":"RKE k8s cluster client key","description_kind":"plain","computed":true,"sensitive":true},"cluster_cidr":{"type":"string","description":"RKE k8s cluster cidr","description_kind":"plain","computed":true},"cluster_dns_server":{"type":"string","description":"RKE k8s cluster dns server","description_kind":"plain","computed":true},"cluster_domain":{"type":"string","description":"RKE k8s cluster domain","description_kind":"plain","computed":true},"cluster_name":{"type":"string","description":"RKE k8s cluster name used in the kube config","description_kind":"plain","optional":true},"cluster_yaml":{"type":"string","description":"RKE k8s cluster config yaml","description_kind":"plain","optional":true,"sensitive":true},"control_plane_hosts":{"type":["list",["object",{"address":"string","node_name":"string"}]],"description":"RKE k8s cluster control plane nodes","description_kind":"plain","computed":true},"custom_certs":{"type":"bool","description":"Use custom certificates from a cert dir","description_kind":"plain","optional":true},"delay_on_creation":{"type":"number","description":"RKE k8s cluster delay on creation","description_kind":"plain","optional":true},"dind":{"type":"bool","description":"RKE k8s cluster dind (experimental)","description_kind":"plain","optional":true},"dind_dns_server":{"type":"string","description":"RKE k8s cluster dind storage driver (experimental)","description_kind":"plain","optional":true},"dind_storage_driver":{"type":"string","description":"RKE k8s cluster dind storage driver (experimental)","description_kind":"plain","optional":true},"disable_port_check":{"type":"bool","description":"Enable/Disable RKE k8s cluster port checking","description_kind":"plain","optional":true},"etcd_hosts":{"type":["list",["object",{"address":"string","node_name":"string"}]],"description":"RKE k8s cluster etcd nodes","description_kind":"plain","computed":true},"id":{"type":"string","description_kind":"plain","optional":true,"computed":true},"ignore_docker_version":{"type":"bool","description":"Enable/Disable RKE k8s cluster strict docker version checking","description_kind":"plain","optional":true},"inactive_hosts":{"type":["list",["object",{"address":"string","node_name":"string"}]],"description":"RKE k8s cluster inactive nodes","description_kind":"plain","computed":true},"internal_kube_config_yaml":{"type":"string","description_kind":"plain","deprecated":true,"computed":true,"sensitive":true},"kube_admin_user":{"type":"string","description":"RKE k8s cluster admin user","description_kind":"plain","computed":true},"kube_config_yaml":{"type":"string","description":"RKE k8s cluster kube config yaml","description_kind":"plain","computed":true,"sensitive":true},"kubernetes_version":{"type":"string","description":"K8s version to deploy (if kubernetes image is specified, image version takes precedence)","description_kind":"plain","optional":true},"nodes_conf":{"type":["list","string"],"description_kind":"plain","deprecated":true,"optional":true},"prefix_path":{"type":"string","description":"RKE k8s directory path","description_kind":"plain","optional":true},"rke_cluster_yaml":{"type":"string","description":"RKE k8s cluster config yaml","description_kind":"plain","computed":true,"sensitive":true},"rke_state":{"type":"string","description":"RKE k8s cluster state","description_kind":"plain","computed":true,"sensitive":true},"running_system_images":{"type":["list",["object",{"aci_cni_deploy_container":"string","aci_controller_container":"string","aci_host_container":"string","aci_mcast_container":"string","aci_opflex_container":"string","aci_ovs_container":"string","alpine":"string","calico_cni":"string","calico_controllers":"string","calico_ctl":"string","calico_flex_vol":"string","calico_node":"string","canal_cni":"string","canal_flannel":"string","canal_flex_vol":"string","canal_node":"string","cert_downloader":"string","coredns":"string","coredns_autoscaler":"string","dnsmasq":"string","etcd":"string","flannel":"string","flannel_cni":"string","ingress":"string","ingress_backend":"string","kube_dns":"string","kube_dns_autoscaler":"string","kube_dns_sidecar":"string","kubernetes":"string","kubernetes_services_sidecar":"string","metrics_server":"string","nginx_proxy":"string","nodelocal":"string","pod_infra_container":"string","weave_cni":"string","weave_node":"string","windows_pod_infra_container":"string"}]],"description":"RKE k8s cluster running system images list","description_kind":"plain","computed":true},"ssh_agent_auth":{"type":"bool","description":"SSH Agent Auth enable","description_kind":"plain","optional":true,"computed":true},"ssh_cert_path":{"type":"string","description":"SSH Certificate Path","description_kind":"plain","optional":true},"ssh_key_path":{"type":"string","description":"SSH Private Key Path","description_kind":"plain","optional":true},"update_only":{"type":"bool","description":"Skip idempotent deployment of control and etcd plane","description_kind":"plain","optional":true},"worker_hosts":{"type":["list",["object",{"address":"string","node_name":"string"}]],"description":"RKE k8s cluster worker nodes","description_kind":"plain","computed":true}},"block_types":{"authentication":{"nesting_mode":"list","block":{"attributes":{"sans":{"type":["list","string"],"description":"List of additional hostnames and IPs to include in the api server PKI cert","description_kind":"plain","optional":true,"computed":true},"strategy":{"type":"string","description":"Authentication strategy that will be used in RKE k8s cluster","description_kind":"plain","optional":true}},"block_types":{"webhook":{"nesting_mode":"list","block":{"attributes":{"cache_timeout":{"type":"string","description":"Controls how long to cache authentication decisions","description_kind":"plain","optional":true},"config_file":{"type":"string","description":"Multiline string that represent a custom webhook config file","description_kind":"plain","optional":true}},"description":"Webhook configuration options","description_kind":"plain"},"max_items":1}},"description":"RKE k8s cluster authentication configuration","description_kind":"plain"},"max_items":1},"authorization":{"nesting_mode":"list","block":{"attributes":{"mode":{"type":"string","description_kind":"plain","optional":true},"options":{"type":["map","string"],"description":"Authorization mode options","description_kind":"plain","optional":true}},"description":"RKE k8s cluster authorization mode configuration","description_kind":"plain"},"max_items":1},"bastion_host":{"nesting_mode":"list","block":{"attributes":{"address":{"type":"string","description":"Address of Bastion Host","description_kind":"plain","required":true},"ignore_proxy_env_vars":{"type":"bool","description":"Ignore proxy env vars at Bastion Host?","description_kind":"plain","optional":true},"port":{"type":"string","description":"SSH Port of Bastion Host","description_kind":"plain","optional":true},"ssh_agent_auth":{"type":"bool","description":"SSH Agent Auth enable","description_kind":"plain","optional":true,"computed":true},"ssh_cert":{"type":"string","description":"SSH Certificate Key","description_kind":"plain","optional":true,"sensitive":true},"ssh_cert_path":{"type":"string","description":"SSH Certificate Key Path","description_kind":"plain","optional":true,"computed":true},"ssh_key":{"type":"string","description":"SSH Private Key","description_kind":"plain","optional":true,"sensitive":true},"ssh_key_path":{"type":"string","description":"SSH Private Key Path","description_kind":"plain","optional":true,"computed":true},"user":{"type":"string","description":"SSH User to Bastion Host","description_kind":"plain","required":true}},"description":"RKE k8s cluster bastion Host configuration","description_kind":"plain"},"max_items":1},"cloud_provider":{"nesting_mode":"list","block":{"attributes":{"custom_cloud_config":{"type":"string","description_kind":"plain","deprecated":true,"optional":true},"custom_cloud_provider":{"type":"string","description":"Custom Cloud Provider config","description_kind":"plain","optional":true},"name":{"type":"string","description_kind":"plain","required":true}},"block_types":{"aws_cloud_config":{"nesting_mode":"list","block":{"block_types":{"global":{"nesting_mode":"list","block":{"attributes":{"disable_security_group_ingress":{"type":"bool","description":"Disables the automatic ingress creation","description_kind":"plain","optional":true},"disable_strict_zone_check":{"type":"bool","description":"Setting this to true will disable the check and provide a warning that the check was skipped","description_kind":"plain","optional":true},"elb_security_group":{"type":"string","description":"Use these ELB security groups instead create new","description_kind":"plain","optional":true},"kubernetes_cluster_id":{"type":"string","description":"The cluster id we'll use to identify our cluster resources","description_kind":"plain","optional":true},"kubernetes_cluster_tag":{"type":"string","description":"Legacy cluster id we'll use to identify our cluster resources","description_kind":"plain","optional":true},"role_arn":{"type":"string","description":"IAM role to assume when interaction with AWS APIs","description_kind":"plain","optional":true},"route_table_id":{"type":"string","description":"Enables using a specific RouteTable","description_kind":"plain","optional":true},"subnet_id":{"type":"string","description":"Enables using a specific subnet to use for ELB's","description_kind":"plain","optional":true},"vpc":{"type":"string","description":"The AWS VPC flag enables the possibility to run the master components on a different aws account, on a different cloud provider or on-premises. If the flag is set also the KubernetesClusterTag must be provided","description_kind":"plain","optional":true},"zone":{"type":"string","description":"The AWS zone","description_kind":"plain","optional":true}},"description_kind":"plain"},"max_items":1},"service_override":{"nesting_mode":"list","block":{"attributes":{"key":{"type":"string","description_kind":"plain","deprecated":true,"optional":true},"region":{"type":"string","description_kind":"plain","optional":true},"service":{"type":"string","description_kind":"plain","required":true},"signing_method":{"type":"string","description_kind":"plain","optional":true,"computed":true},"signing_name":{"type":"string","description_kind":"plain","optional":true},"signing_region":{"type":"string","description_kind":"plain","optional":true},"url":{"type":"string","description_kind":"plain","optional":true}},"description_kind":"plain"}}},"description_kind":"plain","deprecated":true},"max_items":1},"aws_cloud_provider":{"nesting_mode":"list","block":{"block_types":{"global":{"nesting_mode":"list","block":{"attributes":{"disable_security_group_ingress":{"type":"bool","description":"Disables the automatic ingress creation","description_kind":"plain","optional":true},"disable_strict_zone_check":{"type":"bool","description":"Setting this to true will disable the check and provide a warning that the check was skipped","description_kind":"plain","optional":true},"elb_security_group":{"type":"string","description":"Use these ELB security groups instead create new","description_kind":"plain","optional":true},"kubernetes_cluster_id":{"type":"string","description":"The cluster id we'll use to identify our cluster resources","description_kind":"plain","optional":true},"kubernetes_cluster_tag":{"type":"string","description":"Legacy cluster id we'll use to identify our cluster resources","description_kind":"plain","optional":true},"role_arn":{"type":"string","description":"IAM role to assume when interaction with AWS APIs","description_kind":"plain","optional":true},"route_table_id":{"type":"string","description":"Enables using a specific RouteTable","description_kind":"plain","optional":true},"subnet_id":{"type":"string","description":"Enables using a specific subnet to use for ELB's","description_kind":"plain","optional":true},"vpc":{"type":"string","description":"The AWS VPC flag enables the possibility to run the master components on a different aws account, on a different cloud provider or on-premises. If the flag is set also the KubernetesClusterTag must be provided","description_kind":"plain","optional":true},"zone":{"type":"string","description":"The AWS zone","description_kind":"plain","optional":true}},"description_kind":"plain"},"max_items":1},"service_override":{"nesting_mode":"list","block":{"attributes":{"key":{"type":"string","description_kind":"plain","deprecated":true,"optional":true},"region":{"type":"string","description_kind":"plain","optional":true},"service":{"type":"string","description_kind":"plain","required":true},"signing_method":{"type":"string","description_kind":"plain","optional":true,"computed":true},"signing_name":{"type":"string","description_kind":"plain","optional":true},"signing_region":{"type":"string","description_kind":"plain","optional":true},"url":{"type":"string","description_kind":"plain","optional":true}},"description_kind":"plain"}}},"description":"AWS Cloud Provider config","description_kind":"plain"},"max_items":1},"azure_cloud_config":{"nesting_mode":"list","block":{"attributes":{"aad_client_cert_password":{"type":"string","description":"The password of the client certificate for an AAD application with RBAC access to talk to Azure RM APIs","description_kind":"plain","optional":true,"sensitive":true},"aad_client_cert_path":{"type":"string","description":"The path of a client certificate for an AAD application with RBAC access to talk to Azure RM APIs","description_kind":"plain","optional":true},"aad_client_id":{"type":"string","description":"The ClientID for an AAD application with RBAC access to talk to Azure RM APIs","description_kind":"plain","required":true,"sensitive":true},"aad_client_secret":{"type":"string","description":"The ClientSecret for an AAD application with RBAC access to talk to Azure RM APIs","description_kind":"plain","required":true,"sensitive":true},"cloud":{"type":"string","description":"The cloud environment identifier. Takes values from https://github.com/Azure/go-autorest/blob/ec5f4903f77ed9927ac95b19ab8e44ada64c1356/autorest/azure/environments.go#L13","description_kind":"plain","optional":true},"cloud_provider_backoff":{"type":"bool","description":"Enable exponential backoff to manage resource request retries","description_kind":"plain","optional":true},"cloud_provider_backoff_duration":{"type":"number","description":"Backoff duration","description_kind":"plain","optional":true},"cloud_provider_backoff_exponent":{"type":"number","description":"Backoff exponent","description_kind":"plain","optional":true},"cloud_provider_backoff_jitter":{"type":"number","description":"Backoff jitter","description_kind":"plain","optional":true},"cloud_provider_backoff_retries":{"type":"number","description":"Backoff retry limit","description_kind":"plain","optional":true},"cloud_provider_rate_limit":{"type":"bool","description":"Enable rate limiting","description_kind":"plain","optional":true},"cloud_provider_rate_limit_bucket":{"type":"number","description_kind":"plain","optional":true,"computed":true},"cloud_provider_rate_limit_qps":{"type":"number","description":"Rate limit QPS","description_kind":"plain","optional":true},"load_balancer_sku":{"type":"string","description":"Load balancer type (basic | standard). Must be standard for auto-scaling","description_kind":"plain","optional":true},"location":{"type":"string","description":"The location of the resource group that the cluster is deployed in","description_kind":"plain","optional":true},"maximum_load_balancer_rule_count":{"type":"number","description":"Maximum allowed LoadBalancer Rule Count is the limit enforced by Azure Load balancer","description_kind":"plain","optional":true},"primary_availability_set_name":{"type":"string","description":"The name of the availability set that should be used as the load balancer backendIf this is set, the Azure cloudprovider will only add nodes from that availability set to the loadbalancer backend pool. If this is not set, and multiple agent pools (availability sets) are used, thenthe cloudprovider will try to add all nodes to a single backend pool which is forbidden.In other words, if you use multiple agent pools (availability sets), you MUST set this field.","description_kind":"plain","optional":true},"primary_scale_set_name":{"type":"string","description":"The name of the scale set that should be used as the load balancer backend.If this is set, the Azure cloudprovider will only add nodes from that scale set to the loadbalancer backend pool. If this is not set, and multiple agent pools (scale sets) are used, thenthe cloudprovider will try to add all nodes to a single backend pool which is forbidden.In other words, if you use multiple agent pools (scale sets), you MUST set this field.","description_kind":"plain","optional":true},"resource_group":{"type":"string","description":"The name of the resource group that the cluster is deployed in","description_kind":"plain","optional":true},"route_table_name":{"type":"string","description":"(Optional in 1.6) The name of the route table attached to the subnet that the cluster is deployed in","description_kind":"plain","optional":true},"security_group_name":{"type":"string","description":"The name of the security group attached to the cluster's subnet","description_kind":"plain","optional":true},"subnet_name":{"type":"string","description":"The name of the Subnet that the cluster is deployed in","description_kind":"plain","optional":true},"subscription_id":{"type":"string","description":"The ID of the Azure Subscription that the cluster is deployed in","description_kind":"plain","required":true,"sensitive":true},"tenant_id":{"type":"string","description":"The AAD Tenant ID for the Subscription that the cluster is deployed in","description_kind":"plain","required":true,"sensitive":true},"use_instance_metadata":{"type":"bool","description":"Use instance metadata service where possible","description_kind":"plain","optional":true},"use_managed_identity_extension":{"type":"bool","description":"Use managed service identity for the virtual machine to access Azure ARM APIs","description_kind":"plain","optional":true},"vm_type":{"type":"string","description":"The type of azure nodes. If not set, it will be default to standard.","description_kind":"plain","optional":true},"vnet_name":{"type":"string","description":"The name of the VNet that the cluster is deployed in","description_kind":"plain","optional":true},"vnet_resource_group":{"type":"string","description":"The name of the resource group that the Vnet is deployed in","description_kind":"plain","optional":true}},"description_kind":"plain","deprecated":true},"max_items":1},"azure_cloud_provider":{"nesting_mode":"list","block":{"attributes":{"aad_client_cert_password":{"type":"string","description":"The password of the client certificate for an AAD application with RBAC access to talk to Azure RM APIs","description_kind":"plain","optional":true,"sensitive":true},"aad_client_cert_path":{"type":"string","description":"The path of a client certificate for an AAD application with RBAC access to talk to Azure RM APIs","description_kind":"plain","optional":true},"aad_client_id":{"type":"string","description":"The ClientID for an AAD application with RBAC access to talk to Azure RM APIs","description_kind":"plain","required":true,"sensitive":true},"aad_client_secret":{"type":"string","description":"The ClientSecret for an AAD application with RBAC access to talk to Azure RM APIs","description_kind":"plain","required":true,"sensitive":true},"cloud":{"type":"string","description":"The cloud environment identifier. Takes values from https://github.com/Azure/go-autorest/blob/ec5f4903f77ed9927ac95b19ab8e44ada64c1356/autorest/azure/environments.go#L13","description_kind":"plain","optional":true},"cloud_provider_backoff":{"type":"bool","description":"Enable exponential backoff to manage resource request retries","description_kind":"plain","optional":true},"cloud_provider_backoff_duration":{"type":"number","description":"Backoff duration","description_kind":"plain","optional":true},"cloud_provider_backoff_exponent":{"type":"number","description":"Backoff exponent","description_kind":"plain","optional":true},"cloud_provider_backoff_jitter":{"type":"number","description":"Backoff jitter","description_kind":"plain","optional":true},"cloud_provider_backoff_retries":{"type":"number","description":"Backoff retry limit","description_kind":"plain","optional":true},"cloud_provider_rate_limit":{"type":"bool","description":"Enable rate limiting","description_kind":"plain","optional":true},"cloud_provider_rate_limit_bucket":{"type":"number","description_kind":"plain","optional":true,"computed":true},"cloud_provider_rate_limit_qps":{"type":"number","description":"Rate limit QPS","description_kind":"plain","optional":true},"load_balancer_sku":{"type":"string","description":"Load balancer type (basic | standard). Must be standard for auto-scaling","description_kind":"plain","optional":true},"location":{"type":"string","description":"The location of the resource group that the cluster is deployed in","description_kind":"plain","optional":true},"maximum_load_balancer_rule_count":{"type":"number","description":"Maximum allowed LoadBalancer Rule Count is the limit enforced by Azure Load balancer","description_kind":"plain","optional":true},"primary_availability_set_name":{"type":"string","description":"The name of the availability set that should be used as the load balancer backendIf this is set, the Azure cloudprovider will only add nodes from that availability set to the loadbalancer backend pool. If this is not set, and multiple agent pools (availability sets) are used, thenthe cloudprovider will try to add all nodes to a single backend pool which is forbidden.In other words, if you use multiple agent pools (availability sets), you MUST set this field.","description_kind":"plain","optional":true},"primary_scale_set_name":{"type":"string","description":"The name of the scale set that should be used as the load balancer backend.If this is set, the Azure cloudprovider will only add nodes from that scale set to the loadbalancer backend pool. If this is not set, and multiple agent pools (scale sets) are used, thenthe cloudprovider will try to add all nodes to a single backend pool which is forbidden.In other words, if you use multiple agent pools (scale sets), you MUST set this field.","description_kind":"plain","optional":true},"resource_group":{"type":"string","description":"The name of the resource group that the cluster is deployed in","description_kind":"plain","optional":true},"route_table_name":{"type":"string","description":"(Optional in 1.6) The name of the route table attached to the subnet that the cluster is deployed in","description_kind":"plain","optional":true},"security_group_name":{"type":"string","description":"The name of the security group attached to the cluster's subnet","description_kind":"plain","optional":true},"subnet_name":{"type":"string","description":"The name of the Subnet that the cluster is deployed in","description_kind":"plain","optional":true},"subscription_id":{"type":"string","description":"The ID of the Azure Subscription that the cluster is deployed in","description_kind":"plain","required":true,"sensitive":true},"tenant_id":{"type":"string","description":"The AAD Tenant ID for the Subscription that the cluster is deployed in","description_kind":"plain","required":true,"sensitive":true},"use_instance_metadata":{"type":"bool","description":"Use instance metadata service where possible","description_kind":"plain","optional":true},"use_managed_identity_extension":{"type":"bool","description":"Use managed service identity for the virtual machine to access Azure ARM APIs","description_kind":"plain","optional":true},"vm_type":{"type":"string","description":"The type of azure nodes. If not set, it will be default to standard.","description_kind":"plain","optional":true},"vnet_name":{"type":"string","description":"The name of the VNet that the cluster is deployed in","description_kind":"plain","optional":true},"vnet_resource_group":{"type":"string","description":"The name of the resource group that the Vnet is deployed in","description_kind":"plain","optional":true}},"description":"Azure Cloud Provider config","description_kind":"plain"},"max_items":1},"openstack_cloud_config":{"nesting_mode":"list","block":{"block_types":{"block_storage":{"nesting_mode":"list","block":{"attributes":{"bs_version":{"type":"string","description_kind":"plain","optional":true},"ignore_volume_az":{"type":"bool","description_kind":"plain","optional":true},"trust_device_path":{"type":"bool","description_kind":"plain","optional":true}},"description_kind":"plain"},"max_items":1},"global":{"nesting_mode":"list","block":{"attributes":{"auth_url":{"type":"string","description_kind":"plain","required":true},"ca_file":{"type":"string","description_kind":"plain","optional":true},"domain_id":{"type":"string","description_kind":"plain","optional":true,"sensitive":true},"domain_name":{"type":"string","description_kind":"plain","optional":true},"password":{"type":"string","description_kind":"plain","required":true,"sensitive":true},"region":{"type":"string","description_kind":"plain","optional":true},"tenant_id":{"type":"string","description_kind":"plain","optional":true,"sensitive":true},"tenant_name":{"type":"string","description_kind":"plain","optional":true},"trust_id":{"type":"string","description_kind":"plain","optional":true,"sensitive":true},"user_id":{"type":"string","description_kind":"plain","optional":true,"sensitive":true},"username":{"type":"string","description_kind":"plain","optional":true}},"description_kind":"plain"},"min_items":1,"max_items":1},"load_balancer":{"nesting_mode":"list","block":{"attributes":{"create_monitor":{"type":"bool","description_kind":"plain","optional":true},"floating_network_id":{"type":"string","description_kind":"plain","optional":true},"lb_method":{"type":"string","description_kind":"plain","optional":true},"lb_provider":{"type":"string","description_kind":"plain","optional":true},"lb_version":{"type":"string","description_kind":"plain","optional":true},"manage_security_groups":{"type":"bool","description_kind":"plain","optional":true},"monitor_delay":{"type":"string","description_kind":"plain","optional":true},"monitor_max_retries":{"type":"number","description_kind":"plain","optional":true},"monitor_timeout":{"type":"string","description_kind":"plain","optional":true},"subnet_id":{"type":"string","description_kind":"plain","optional":true},"use_octavia":{"type":"bool","description_kind":"plain","optional":true}},"description_kind":"plain"},"max_items":1},"metadata":{"nesting_mode":"list","block":{"attributes":{"request_timeout":{"type":"number","description_kind":"plain","optional":true},"search_order":{"type":"string","description_kind":"plain","optional":true}},"description_kind":"plain"},"max_items":1},"route":{"nesting_mode":"list","block":{"attributes":{"router_id":{"type":"string","description_kind":"plain","optional":true}},"description_kind":"plain"},"max_items":1}},"description_kind":"plain","deprecated":true},"max_items":1},"openstack_cloud_provider":{"nesting_mode":"list","block":{"block_types":{"block_storage":{"nesting_mode":"list","block":{"attributes":{"bs_version":{"type":"string","description_kind":"plain","optional":true},"ignore_volume_az":{"type":"bool","description_kind":"plain","optional":true},"trust_device_path":{"type":"bool","description_kind":"plain","optional":true}},"description_kind":"plain"},"max_items":1},"global":{"nesting_mode":"list","block":{"attributes":{"auth_url":{"type":"string","description_kind":"plain","required":true},"ca_file":{"type":"string","description_kind":"plain","optional":true},"domain_id":{"type":"string","description_kind":"plain","optional":true,"sensitive":true},"domain_name":{"type":"string","description_kind":"plain","optional":true},"password":{"type":"string","description_kind":"plain","required":true,"sensitive":true},"region":{"type":"string","description_kind":"plain","optional":true},"tenant_id":{"type":"string","description_kind":"plain","optional":true,"sensitive":true},"tenant_name":{"type":"string","description_kind":"plain","optional":true},"trust_id":{"type":"string","description_kind":"plain","optional":true,"sensitive":true},"user_id":{"type":"string","description_kind":"plain","optional":true,"sensitive":true},"username":{"type":"string","description_kind":"plain","optional":true}},"description_kind":"plain"},"min_items":1,"max_items":1},"load_balancer":{"nesting_mode":"list","block":{"attributes":{"create_monitor":{"type":"bool","description_kind":"plain","optional":true},"floating_network_id":{"type":"string","description_kind":"plain","optional":true},"lb_method":{"type":"string","description_kind":"plain","optional":true},"lb_provider":{"type":"string","description_kind":"plain","optional":true},"lb_version":{"type":"string","description_kind":"plain","optional":true},"manage_security_groups":{"type":"bool","description_kind":"plain","optional":true},"monitor_delay":{"type":"string","description_kind":"plain","optional":true},"monitor_max_retries":{"type":"number","description_kind":"plain","optional":true},"monitor_timeout":{"type":"string","description_kind":"plain","optional":true},"subnet_id":{"type":"string","description_kind":"plain","optional":true},"use_octavia":{"type":"bool","description_kind":"plain","optional":true}},"description_kind":"plain"},"max_items":1},"metadata":{"nesting_mode":"list","block":{"attributes":{"request_timeout":{"type":"number","description_kind":"plain","optional":true},"search_order":{"type":"string","description_kind":"plain","optional":true}},"description_kind":"plain"},"max_items":1},"route":{"nesting_mode":"list","block":{"attributes":{"router_id":{"type":"string","description_kind":"plain","optional":true}},"description_kind":"plain"},"max_items":1}},"description":"Openstack Cloud Provider config","description_kind":"plain"},"max_items":1},"vsphere_cloud_config":{"nesting_mode":"list","block":{"block_types":{"disk":{"nesting_mode":"list","block":{"attributes":{"scsi_controller_type":{"type":"string","description_kind":"plain","optional":true}},"description_kind":"plain"},"max_items":1},"global":{"nesting_mode":"list","block":{"attributes":{"datacenter":{"type":"string","description_kind":"plain","optional":true},"datacenters":{"type":"string","description_kind":"plain","optional":true,"computed":true},"datastore":{"type":"string","description_kind":"plain","optional":true},"insecure_flag":{"type":"bool","description_kind":"plain","optional":true},"password":{"type":"string","description_kind":"plain","optional":true,"sensitive":true},"port":{"type":"string","description_kind":"plain","optional":true},"soap_roundtrip_count":{"type":"number","description_kind":"plain","optional":true},"user":{"type":"string","description_kind":"plain","optional":true,"sensitive":true},"vm_name":{"type":"string","description_kind":"plain","optional":true},"vm_uuid":{"type":"string","description_kind":"plain","optional":true},"working_dir":{"type":"string","description_kind":"plain","optional":true}},"description_kind":"plain"},"max_items":1},"network":{"nesting_mode":"list","block":{"attributes":{"public_network":{"type":"string","description_kind":"plain","optional":true}},"description_kind":"plain"},"max_items":1},"virtual_center":{"nesting_mode":"list","block":{"attributes":{"datacenters":{"type":"string","description_kind":"plain","required":true},"name":{"type":"string","description_kind":"plain","required":true},"password":{"type":"string","description_kind":"plain","required":true,"sensitive":true},"port":{"type":"string","description_kind":"plain","optional":true},"soap_roundtrip_count":{"type":"number","description_kind":"plain","optional":true},"user":{"type":"string","description_kind":"plain","required":true,"sensitive":true}},"description_kind":"plain"},"min_items":1},"workspace":{"nesting_mode":"list","block":{"attributes":{"datacenter":{"type":"string","description_kind":"plain","required":true},"default_datastore":{"type":"string","description_kind":"plain","optional":true},"folder":{"type":"string","description_kind":"plain","optional":true},"resourcepool_path":{"type":"string","description_kind":"plain","optional":true},"server":{"type":"string","description_kind":"plain","required":true}},"description_kind":"plain"},"min_items":1,"max_items":1}},"description_kind":"plain","deprecated":true},"max_items":1},"vsphere_cloud_provider":{"nesting_mode":"list","block":{"block_types":{"disk":{"nesting_mode":"list","block":{"attributes":{"scsi_controller_type":{"type":"string","description_kind":"plain","optional":true}},"description_kind":"plain"},"max_items":1},"global":{"nesting_mode":"list","block":{"attributes":{"datacenter":{"type":"string","description_kind":"plain","optional":true},"datacenters":{"type":"string","description_kind":"plain","optional":true,"computed":true},"datastore":{"type":"string","description_kind":"plain","optional":true},"insecure_flag":{"type":"bool","description_kind":"plain","optional":true},"password":{"type":"string","description_kind":"plain","optional":true,"sensitive":true},"port":{"type":"string","description_kind":"plain","optional":true},"soap_roundtrip_count":{"type":"number","description_kind":"plain","optional":true},"user":{"type":"string","description_kind":"plain","optional":true,"sensitive":true},"vm_name":{"type":"string","description_kind":"plain","optional":true},"vm_uuid":{"type":"string","description_kind":"plain","optional":true},"working_dir":{"type":"string","description_kind":"plain","optional":true}},"description_kind":"plain"},"max_items":1},"network":{"nesting_mode":"list","block":{"attributes":{"public_network":{"type":"string","description_kind":"plain","optional":true}},"description_kind":"plain"},"max_items":1},"virtual_center":{"nesting_mode":"list","block":{"attributes":{"datacenters":{"type":"string","description_kind":"plain","required":true},"name":{"type":"string","description_kind":"plain","required":true},"password":{"type":"string","description_kind":"plain","required":true,"sensitive":true},"port":{"type":"string","description_kind":"plain","optional":true},"soap_roundtrip_count":{"type":"number","description_kind":"plain","optional":true},"user":{"type":"string","description_kind":"plain","required":true,"sensitive":true}},"description_kind":"plain"},"min_items":1},"workspace":{"nesting_mode":"list","block":{"attributes":{"datacenter":{"type":"string","description_kind":"plain","required":true},"default_datastore":{"type":"string","description_kind":"plain","optional":true},"folder":{"type":"string","description_kind":"plain","optional":true},"resourcepool_path":{"type":"string","description_kind":"plain","optional":true},"server":{"type":"string","description_kind":"plain","required":true}},"description_kind":"plain"},"min_items":1,"max_items":1}},"description":"Vsphere Cloud Provider config","description_kind":"plain"},"max_items":1}},"description":"RKE k8s cluster cloud provider configuration","description_kind":"plain"},"max_items":1},"dns":{"nesting_mode":"list","block":{"attributes":{"node_selector":{"type":["map","string"],"description":"NodeSelector key pair","description_kind":"plain","optional":true},"provider":{"type":"string","description":"DNS provider","description_kind":"plain","optional":true},"reverse_cidrs":{"type":["list","string"],"description":"ReverseCIDRs","description_kind":"plain","optional":true},"upstream_nameservers":{"type":["list","string"],"description":"Upstream nameservers","description_kind":"plain","optional":true}},"block_types":{"nodelocal":{"nesting_mode":"list","block":{"attributes":{"ip_address":{"type":"string","description_kind":"plain","optional":true},"node_selector":{"type":["map","string"],"description":"Node selector key pair","description_kind":"plain","optional":true}},"description":"Nodelocal dns","description_kind":"plain"},"max_items":1}},"description":"RKE k8s cluster DNS Config","description_kind":"plain"},"max_items":1},"ingress":{"nesting_mode":"list","block":{"attributes":{"default_backend":{"type":"bool","description":"Ingress Default Backend","description_kind":"plain","optional":true},"dns_policy":{"type":"string","description":"Ingress controller dns policy","description_kind":"plain","optional":true},"extra_args":{"type":["map","string"],"description":"Extra arguments for the ingress controller","description_kind":"plain","optional":true},"http_port":{"type":"number","description":"Ingress controller http port","description_kind":"plain","optional":true},"https_port":{"type":"number","description":"Ingress controller https port","description_kind":"plain","optional":true},"network_mode":{"type":"string","description":"Ingress controller network mode","description_kind":"plain","optional":true},"node_selector":{"type":["map","string"],"description":"Node selector key pair","description_kind":"plain","optional":true},"options":{"type":["map","string"],"description":"Ingress controller options","description_kind":"plain","optional":true},"provider":{"type":"string","description":"Ingress controller provider","description_kind":"plain","optional":true}},"description":"RKE k8s cluster ingress controller configuration","description_kind":"plain"},"max_items":1},"monitoring":{"nesting_mode":"list","block":{"attributes":{"node_selector":{"type":["map","string"],"description":"Node selector key pair","description_kind":"plain","optional":true},"options":{"type":["map","string"],"description":"Monitoring options","description_kind":"plain","optional":true},"provider":{"type":"string","description":"Monitoring provider","description_kind":"plain","optional":true,"computed":true}},"description":"RKE k8s cluster monitoring Config","description_kind":"plain"},"max_items":1},"network":{"nesting_mode":"list","block":{"attributes":{"mtu":{"type":"number","description":"Network provider MTU","description_kind":"plain","optional":true},"options":{"type":["map","string"],"description":"Network provider options","description_kind":"plain","optional":true,"computed":true},"plugin":{"type":"string","description":"Network provider plugin","description_kind":"plain","optional":true}},"block_types":{"aci_network_provider":{"nesting_mode":"list","block":{"attributes":{"aep":{"type":"string","description_kind":"plain","required":true},"apic_hosts":{"type":["list","string"],"description_kind":"plain","required":true},"apic_user_crt":{"type":"string","description_kind":"plain","required":true,"sensitive":true},"apic_user_key":{"type":"string","description_kind":"plain","required":true,"sensitive":true},"apic_user_name":{"type":"string","description_kind":"plain","required":true},"encap_type":{"type":"string","description_kind":"plain","required":true},"extern_dynamic":{"type":"string","description_kind":"plain","required":true},"extern_static":{"type":"string","description_kind":"plain","required":true},"infra_vlan":{"type":"string","description_kind":"plain","required":true},"kube_api_vlan":{"type":"string","description_kind":"plain","required":true},"l3out":{"type":"string","description_kind":"plain","required":true},"l3out_external_networks":{"type":["list","string"],"description_kind":"plain","required":true},"mcast_range_end":{"type":"string","description_kind":"plain","required":true},"mcast_range_start":{"type":"string","description_kind":"plain","required":true},"node_subnet":{"type":"string","description_kind":"plain","required":true},"node_svc_subnet":{"type":"string","description_kind":"plain","required":true},"service_vlan":{"type":"string","description_kind":"plain","required":true},"snat_port_range_end":{"type":"string","description_kind":"plain","optional":true},"snat_port_range_start":{"type":"string","description_kind":"plain","optional":true},"snat_ports_per_node":{"type":"string","description_kind":"plain","optional":true},"system_id":{"type":"string","description_kind":"plain","required":true},"token":{"type":"string","description_kind":"plain","required":true,"sensitive":true},"vrf_name":{"type":"string","description_kind":"plain","required":true},"vrf_tenant":{"type":"string","description_kind":"plain","required":true}},"description":"Aci network provider config","description_kind":"plain"},"max_items":1},"calico_network_provider":{"nesting_mode":"list","block":{"attributes":{"cloud_provider":{"type":"string","description_kind":"plain","optional":true,"computed":true}},"description":"Calico network provider config","description_kind":"plain"},"max_items":1},"canal_network_provider":{"nesting_mode":"list","block":{"attributes":{"iface":{"type":"string","description_kind":"plain","optional":true,"computed":true}},"description":"Canal network provider config","description_kind":"plain"},"max_items":1},"flannel_network_provider":{"nesting_mode":"list","block":{"attributes":{"iface":{"type":"string","description_kind":"plain","optional":true,"computed":true}},"description":"Flannel network provider config","description_kind":"plain"},"max_items":1},"weave_network_provider":{"nesting_mode":"list","block":{"attributes":{"password":{"type":"string","description_kind":"plain","required":true}},"description":"Weave network provider config","description_kind":"plain"},"max_items":1}},"description":"RKE k8s cluster network configuration","description_kind":"plain"},"max_items":1},"nodes":{"nesting_mode":"list","block":{"attributes":{"address":{"type":"string","description":"IP or FQDN that is fully resolvable and used for SSH communication","description_kind":"plain","required":true},"docker_socket":{"type":"string","description":"Docker socket on the node that will be used in tunneling","description_kind":"plain","optional":true},"hostname_override":{"type":"string","description":"Hostname override","description_kind":"plain","optional":true},"internal_address":{"type":"string","description":"Internal address that will be used for components communication","description_kind":"plain","optional":true},"labels":{"type":["map","string"],"description":"Node Labels","description_kind":"plain","optional":true},"node_name":{"type":"string","description":"Name of the host provisioned via docker machine","description_kind":"plain","optional":true},"port":{"type":"string","description":"Port used for SSH communication","description_kind":"plain","optional":true},"role":{"type":["list","string"],"description":"Node roles in k8s cluster [controlplane/worker/etcd])","description_kind":"plain","required":true},"roles":{"type":"string","description":"Node role in kubernetes cluster [controlplane/worker/etcd], specified by a comma-separated string","description_kind":"plain","deprecated":true,"optional":true},"ssh_agent_auth":{"type":"bool","description":"SSH Agent Auth enable","description_kind":"plain","optional":true,"computed":true},"ssh_cert":{"type":"string","description":"SSH Certificate","description_kind":"plain","optional":true,"sensitive":true},"ssh_cert_path":{"type":"string","description":"SSH Certificate path","description_kind":"plain","optional":true},"ssh_key":{"type":"string","description":"SSH Private Key","description_kind":"plain","optional":true,"sensitive":true},"ssh_key_path":{"type":"string","description":"SSH Private Key path","description_kind":"plain","optional":true},"user":{"type":"string","description":"SSH user that will be used by RKE","description_kind":"plain","required":true,"sensitive":true}},"block_types":{"taints":{"nesting_mode":"list","block":{"attributes":{"effect":{"type":"string","description_kind":"plain","optional":true},"key":{"type":"string","description_kind":"plain","required":true},"value":{"type":"string","description_kind":"plain","required":true}},"description":"Node taints","description_kind":"plain"}}},"description":"RKE k8s cluster nodes","description_kind":"plain"}},"private_registries":{"nesting_mode":"list","block":{"attributes":{"is_default":{"type":"bool","description":"Set as default registry","description_kind":"plain","optional":true},"password":{"type":"string","description":"Registry password","description_kind":"plain","optional":true,"sensitive":true},"url":{"type":"string","description":"Registry URL","description_kind":"plain","required":true},"user":{"type":"string","description":"Registry user","description_kind":"plain","optional":true,"sensitive":true}},"description":"RKE k8s cluster private docker registries","description_kind":"plain"}},"restore":{"nesting_mode":"list","block":{"attributes":{"restore":{"type":"bool","description":"Restore RKE cluster","description_kind":"plain","optional":true},"snapshot_name":{"type":"string","description":"Snapshot name","description_kind":"plain","optional":true}},"description":"RKE k8s cluster restore configuration","description_kind":"plain"},"max_items":1},"rotate_certificates":{"nesting_mode":"list","block":{"attributes":{"ca_certificates":{"type":"bool","description":"Rotate CA Certificates","description_kind":"plain","optional":true},"services":{"type":["list","string"],"description":"Services to rotate their certs. valid values are etcd|kubelet|kube-apiserver|kube-proxy|kube-scheduler|kube-controller-manager","description_kind":"plain","optional":true}},"description":"RKE k8s cluster rotate certificates configuration","description_kind":"plain"},"max_items":1},"services":{"nesting_mode":"list","block":{"block_types":{"etcd":{"nesting_mode":"list","block":{"attributes":{"ca_cert":{"type":"string","description_kind":"plain","optional":true,"computed":true,"sensitive":true},"cert":{"type":"string","description_kind":"plain","optional":true,"computed":true,"sensitive":true},"creation":{"type":"string","description_kind":"plain","optional":true,"computed":true},"external_urls":{"type":["list","string"],"description_kind":"plain","optional":true,"computed":true},"extra_args":{"type":["map","string"],"description_kind":"plain","optional":true,"computed":true},"extra_binds":{"type":["list","string"],"description_kind":"plain","optional":true,"computed":true},"extra_env":{"type":["list","string"],"description_kind":"plain","optional":true,"computed":true},"gid":{"type":"number","description_kind":"plain","optional":true},"image":{"type":"string","description_kind":"plain","optional":true,"computed":true},"key":{"type":"string","description_kind":"plain","optional":true,"computed":true,"sensitive":true},"path":{"type":"string","description_kind":"plain","optional":true,"computed":true},"retention":{"type":"string","description_kind":"plain","optional":true,"computed":true},"snapshot":{"type":"bool","description_kind":"plain","optional":true},"uid":{"type":"number","description_kind":"plain","optional":true}},"block_types":{"backup_config":{"nesting_mode":"list","block":{"attributes":{"enabled":{"type":"bool","description_kind":"plain","optional":true},"interval_hours":{"type":"number","description_kind":"plain","optional":true},"retention":{"type":"number","description_kind":"plain","optional":true},"safe_timestamp":{"type":"bool","description_kind":"plain","optional":true},"timeout":{"type":"number","description_kind":"plain","optional":true}},"block_types":{"s3_backup_config":{"nesting_mode":"list","block":{"attributes":{"access_key":{"type":"string","description_kind":"plain","optional":true,"sensitive":true},"bucket_name":{"type":"string","description_kind":"plain","optional":true},"custom_ca":{"type":"string","description_kind":"plain","optional":true},"endpoint":{"type":"string","description_kind":"plain","optional":true},"folder":{"type":"string","description_kind":"plain","optional":true},"region":{"type":"string","description_kind":"plain","optional":true},"secret_key":{"type":"string","description_kind":"plain","optional":true,"sensitive":true}},"description_kind":"plain"},"max_items":1}},"description_kind":"plain"},"max_items":1}},"description_kind":"plain"},"max_items":1},"kube_api":{"nesting_mode":"list","block":{"attributes":{"always_pull_images":{"type":"bool","description":"Enable/Disable AlwaysPullImages admissions plugin","description_kind":"plain","optional":true,"computed":true},"extra_args":{"type":["map","string"],"description":"Extra arguments that are added to the kube-api services","description_kind":"plain","optional":true,"computed":true},"extra_binds":{"type":["list","string"],"description":"Extra binds added to the controlplane nodes","description_kind":"plain","optional":true,"computed":true},"extra_env":{"type":["list","string"],"description":"Extra env added to the controlplane nodes","description_kind":"plain","optional":true,"computed":true},"image":{"type":"string","description_kind":"plain","optional":true,"computed":true},"pod_security_policy":{"type":"bool","description":"Enabled/Disable PodSecurityPolicy","description_kind":"plain","optional":true,"computed":true},"service_cluster_ip_range":{"type":"string","description":"Virtual IP range that will be used by Kubernetes services","description_kind":"plain","optional":true,"computed":true},"service_node_port_range":{"type":"string","description":"Port range for services defined with NodePort type","description_kind":"plain","optional":true,"computed":true}},"block_types":{"audit_log":{"nesting_mode":"list","block":{"attributes":{"enabled":{"type":"bool","description_kind":"plain","optional":true,"computed":true}},"block_types":{"configuration":{"nesting_mode":"list","block":{"attributes":{"format":{"type":"string","description_kind":"plain","optional":true,"computed":true},"max_age":{"type":"number","description_kind":"plain","optional":true,"computed":true},"max_backup":{"type":"number","description_kind":"plain","optional":true,"computed":true},"max_size":{"type":"number","description_kind":"plain","optional":true,"computed":true},"path":{"type":"string","description_kind":"plain","optional":true,"computed":true},"policy":{"type":"string","description_kind":"plain","optional":true,"computed":true}},"description_kind":"plain"},"max_items":1}},"description_kind":"plain"},"max_items":1},"event_rate_limit":{"nesting_mode":"list","block":{"attributes":{"configuration":{"type":"string","description_kind":"plain","optional":true,"computed":true},"enabled":{"type":"bool","description_kind":"plain","optional":true,"computed":true}},"description_kind":"plain"},"max_items":1},"secrets_encryption_config":{"nesting_mode":"list","block":{"attributes":{"custom_config":{"type":"string","description_kind":"plain","optional":true,"computed":true},"enabled":{"type":"bool","description_kind":"plain","optional":true,"computed":true}},"description_kind":"plain"},"max_items":1}},"description_kind":"plain"},"max_items":1},"kube_controller":{"nesting_mode":"list","block":{"attributes":{"cluster_cidr":{"type":"string","description":"CIDR Range for Pods in cluster","description_kind":"plain","optional":true,"computed":true},"extra_args":{"type":["map","string"],"description":"Extra arguments that are added to the kube-controller service","description_kind":"plain","optional":true,"computed":true},"extra_binds":{"type":["list","string"],"description":"Extra binds added to the controlplane nodes","description_kind":"plain","optional":true,"computed":true},"extra_env":{"type":["list","string"],"description":"Extra env added to the controlplane nodes","description_kind":"plain","optional":true,"computed":true},"image":{"type":"string","description":"Docker image of the kube-controller service","description_kind":"plain","optional":true,"computed":true},"service_cluster_ip_range":{"type":"string","description":"Virtual IP range that will be used by Kubernetes services","description_kind":"plain","optional":true,"computed":true}},"description_kind":"plain"},"max_items":1},"kubelet":{"nesting_mode":"list","block":{"attributes":{"cluster_dns_server":{"type":"string","description":"Cluster DNS service ip","description_kind":"plain","optional":true,"computed":true},"cluster_domain":{"type":"string","description":"Domain of the cluster","description_kind":"plain","optional":true},"extra_args":{"type":["map","string"],"description":"Extra arguments that are added to the kubelet services","description_kind":"plain","optional":true,"computed":true},"extra_binds":{"type":["list","string"],"description":"Extra binds added to the worker nodes","description_kind":"plain","optional":true,"computed":true},"extra_env":{"type":["list","string"],"description":"Extra env added to the nodes","description_kind":"plain","optional":true,"computed":true},"fail_swap_on":{"type":"bool","description":"Fail if swap is enabled","description_kind":"plain","optional":true,"computed":true},"generate_serving_certificate":{"type":"bool","description_kind":"plain","optional":true},"image":{"type":"string","description":"Docker image of the kubelet service","description_kind":"plain","optional":true,"computed":true},"infra_container_image":{"type":"string","description":"The image whose network/ipc namespaces containers in each pod will use","description_kind":"plain","optional":true,"computed":true}},"description_kind":"plain"},"max_items":1},"kubeproxy":{"nesting_mode":"list","block":{"attributes":{"extra_args":{"type":["map","string"],"description":"Extra arguments that are added to the kubeproxy services","description_kind":"plain","optional":true,"computed":true},"extra_binds":{"type":["list","string"],"description":"Extra binds added to the worker nodes","description_kind":"plain","optional":true,"computed":true},"extra_env":{"type":["list","string"],"description":"Extra env added to the worker nodes","description_kind":"plain","optional":true,"computed":true},"image":{"type":"string","description":"Docker image of the kubeproxy service","description_kind":"plain","optional":true,"computed":true}},"description_kind":"plain"},"max_items":1},"scheduler":{"nesting_mode":"list","block":{"attributes":{"extra_args":{"type":["map","string"],"description":"Extra arguments that are added to the scheduler services","description_kind":"plain","optional":true,"computed":true},"extra_binds":{"type":["list","string"],"description":"Extra binds added to the controlplane nodes","description_kind":"plain","optional":true,"computed":true},"extra_env":{"type":["list","string"],"description":"Extra env added to the controlplane nodes","description_kind":"plain","optional":true,"computed":true},"image":{"type":"string","description":"Docker image of the scheduler service","description_kind":"plain","optional":true,"computed":true}},"description_kind":"plain"},"max_items":1}},"description":"RKE k8s cluster services","description_kind":"plain"},"max_items":1},"services_etcd":{"nesting_mode":"list","block":{"attributes":{"ca_cert":{"type":"string","description_kind":"plain","optional":true,"computed":true,"sensitive":true},"cert":{"type":"string","description_kind":"plain","optional":true,"computed":true,"sensitive":true},"creation":{"type":"string","description_kind":"plain","optional":true,"computed":true},"external_urls":{"type":["list","string"],"description_kind":"plain","optional":true,"computed":true},"extra_args":{"type":["map","string"],"description_kind":"plain","optional":true,"computed":true},"extra_binds":{"type":["list","string"],"description_kind":"plain","optional":true,"computed":true},"extra_env":{"type":["list","string"],"description_kind":"plain","optional":true,"computed":true},"gid":{"type":"number","description_kind":"plain","optional":true},"image":{"type":"string","description_kind":"plain","optional":true,"computed":true},"key":{"type":"string","description_kind":"plain","optional":true,"computed":true,"sensitive":true},"path":{"type":"string","description_kind":"plain","optional":true,"computed":true},"retention":{"type":"string","description_kind":"plain","optional":true,"computed":true},"snapshot":{"type":"bool","description_kind":"plain","optional":true},"uid":{"type":"number","description_kind":"plain","optional":true}},"block_types":{"backup_config":{"nesting_mode":"list","block":{"attributes":{"enabled":{"type":"bool","description_kind":"plain","optional":true},"interval_hours":{"type":"number","description_kind":"plain","optional":true},"retention":{"type":"number","description_kind":"plain","optional":true},"safe_timestamp":{"type":"bool","description_kind":"plain","optional":true},"timeout":{"type":"number","description_kind":"plain","optional":true}},"block_types":{"s3_backup_config":{"nesting_mode":"list","block":{"attributes":{"access_key":{"type":"string","description_kind":"plain","optional":true,"sensitive":true},"bucket_name":{"type":"string","description_kind":"plain","optional":true},"custom_ca":{"type":"string","description_kind":"plain","optional":true},"endpoint":{"type":"string","description_kind":"plain","optional":true},"folder":{"type":"string","description_kind":"plain","optional":true},"region":{"type":"string","description_kind":"plain","optional":true},"secret_key":{"type":"string","description_kind":"plain","optional":true,"sensitive":true}},"description_kind":"plain"},"max_items":1}},"description_kind":"plain"},"max_items":1}},"description_kind":"plain","deprecated":true},"max_items":1},"services_kube_api":{"nesting_mode":"list","block":{"attributes":{"always_pull_images":{"type":"bool","description":"Enable/Disable AlwaysPullImages admissions plugin","description_kind":"plain","optional":true,"computed":true},"extra_args":{"type":["map","string"],"description":"Extra arguments that are added to the kube-api services","description_kind":"plain","optional":true,"computed":true},"extra_binds":{"type":["list","string"],"description":"Extra binds added to the controlplane nodes","description_kind":"plain","optional":true,"computed":true},"extra_env":{"type":["list","string"],"description":"Extra env added to the controlplane nodes","description_kind":"plain","optional":true,"computed":true},"image":{"type":"string","description_kind":"plain","optional":true,"computed":true},"pod_security_policy":{"type":"bool","description":"Enabled/Disable PodSecurityPolicy","description_kind":"plain","optional":true,"computed":true},"service_cluster_ip_range":{"type":"string","description":"Virtual IP range that will be used by Kubernetes services","description_kind":"plain","optional":true,"computed":true},"service_node_port_range":{"type":"string","description":"Port range for services defined with NodePort type","description_kind":"plain","optional":true,"computed":true}},"block_types":{"audit_log":{"nesting_mode":"list","block":{"attributes":{"enabled":{"type":"bool","description_kind":"plain","optional":true,"computed":true}},"block_types":{"configuration":{"nesting_mode":"list","block":{"attributes":{"format":{"type":"string","description_kind":"plain","optional":true,"computed":true},"max_age":{"type":"number","description_kind":"plain","optional":true,"computed":true},"max_backup":{"type":"number","description_kind":"plain","optional":true,"computed":true},"max_size":{"type":"number","description_kind":"plain","optional":true,"computed":true},"path":{"type":"string","description_kind":"plain","optional":true,"computed":true},"policy":{"type":"string","description_kind":"plain","optional":true,"computed":true}},"description_kind":"plain"},"max_items":1}},"description_kind":"plain"},"max_items":1},"event_rate_limit":{"nesting_mode":"list","block":{"attributes":{"configuration":{"type":"string","description_kind":"plain","optional":true,"computed":true},"enabled":{"type":"bool","description_kind":"plain","optional":true,"computed":true}},"description_kind":"plain"},"max_items":1},"secrets_encryption_config":{"nesting_mode":"list","block":{"attributes":{"custom_config":{"type":"string","description_kind":"plain","optional":true,"computed":true},"enabled":{"type":"bool","description_kind":"plain","optional":true,"computed":true}},"description_kind":"plain"},"max_items":1}},"description_kind":"plain","deprecated":true},"max_items":1},"services_kube_controller":{"nesting_mode":"list","block":{"attributes":{"cluster_cidr":{"type":"string","description":"CIDR Range for Pods in cluster","description_kind":"plain","optional":true,"computed":true},"extra_args":{"type":["map","string"],"description":"Extra arguments that are added to the kube-controller service","description_kind":"plain","optional":true,"computed":true},"extra_binds":{"type":["list","string"],"description":"Extra binds added to the controlplane nodes","description_kind":"plain","optional":true,"computed":true},"extra_env":{"type":["list","string"],"description":"Extra env added to the controlplane nodes","description_kind":"plain","optional":true,"computed":true},"image":{"type":"string","description":"Docker image of the kube-controller service","description_kind":"plain","optional":true,"computed":true},"service_cluster_ip_range":{"type":"string","description":"Virtual IP range that will be used by Kubernetes services","description_kind":"plain","optional":true,"computed":true}},"description_kind":"plain","deprecated":true},"max_items":1},"services_kubelet":{"nesting_mode":"list","block":{"attributes":{"cluster_dns_server":{"type":"string","description":"Cluster DNS service ip","description_kind":"plain","optional":true,"computed":true},"cluster_domain":{"type":"string","description":"Domain of the cluster","description_kind":"plain","optional":true},"extra_args":{"type":["map","string"],"description":"Extra arguments that are added to the kubelet services","description_kind":"plain","optional":true,"computed":true},"extra_binds":{"type":["list","string"],"description":"Extra binds added to the worker nodes","description_kind":"plain","optional":true,"computed":true},"extra_env":{"type":["list","string"],"description":"Extra env added to the nodes","description_kind":"plain","optional":true,"computed":true},"fail_swap_on":{"type":"bool","description":"Fail if swap is enabled","description_kind":"plain","optional":true,"computed":true},"generate_serving_certificate":{"type":"bool","description_kind":"plain","optional":true},"image":{"type":"string","description":"Docker image of the kubelet service","description_kind":"plain","optional":true,"computed":true},"infra_container_image":{"type":"string","description":"The image whose network/ipc namespaces containers in each pod will use","description_kind":"plain","optional":true,"computed":true}},"description_kind":"plain","deprecated":true},"max_items":1},"services_kubeproxy":{"nesting_mode":"list","block":{"attributes":{"extra_args":{"type":["map","string"],"description":"Extra arguments that are added to the kubeproxy services","description_kind":"plain","optional":true,"computed":true},"extra_binds":{"type":["list","string"],"description":"Extra binds added to the worker nodes","description_kind":"plain","optional":true,"computed":true},"extra_env":{"type":["list","string"],"description":"Extra env added to the worker nodes","description_kind":"plain","optional":true,"computed":true},"image":{"type":"string","description":"Docker image of the kubeproxy service","description_kind":"plain","optional":true,"computed":true}},"description_kind":"plain","deprecated":true},"max_items":1},"services_scheduler":{"nesting_mode":"list","block":{"attributes":{"extra_args":{"type":["map","string"],"description":"Extra arguments that are added to the scheduler services","description_kind":"plain","optional":true,"computed":true},"extra_binds":{"type":["list","string"],"description":"Extra binds added to the controlplane nodes","description_kind":"plain","optional":true,"computed":true},"extra_env":{"type":["list","string"],"description":"Extra env added to the controlplane nodes","description_kind":"plain","optional":true,"computed":true},"image":{"type":"string","description":"Docker image of the scheduler service","description_kind":"plain","optional":true,"computed":true}},"description_kind":"plain","deprecated":true},"max_items":1},"system_images":{"nesting_mode":"list","block":{"attributes":{"aci_cni_deploy_container":{"type":"string","description_kind":"plain","optional":true},"aci_controller_container":{"type":"string","description_kind":"plain","optional":true},"aci_host_container":{"type":"string","description_kind":"plain","optional":true},"aci_mcast_container":{"type":"string","description_kind":"plain","optional":true},"aci_opflex_container":{"type":"string","description_kind":"plain","optional":true},"aci_ovs_container":{"type":"string","description_kind":"plain","optional":true},"alpine":{"type":"string","description_kind":"plain","optional":true},"calico_cni":{"type":"string","description_kind":"plain","optional":true},"calico_controllers":{"type":"string","description_kind":"plain","optional":true},"calico_ctl":{"type":"string","description_kind":"plain","optional":true},"calico_flex_vol":{"type":"string","description_kind":"plain","optional":true},"calico_node":{"type":"string","description_kind":"plain","optional":true},"canal_cni":{"type":"string","description_kind":"plain","optional":true},"canal_flannel":{"type":"string","description_kind":"plain","optional":true},"canal_flex_vol":{"type":"string","description_kind":"plain","optional":true},"canal_node":{"type":"string","description_kind":"plain","optional":true},"cert_downloader":{"type":"string","description_kind":"plain","optional":true},"coredns":{"type":"string","description_kind":"plain","optional":true},"coredns_autoscaler":{"type":"string","description_kind":"plain","optional":true},"dnsmasq":{"type":"string","description_kind":"plain","optional":true},"etcd":{"type":"string","description_kind":"plain","optional":true},"flannel":{"type":"string","description_kind":"plain","optional":true},"flannel_cni":{"type":"string","description_kind":"plain","optional":true},"ingress":{"type":"string","description_kind":"plain","optional":true},"ingress_backend":{"type":"string","description_kind":"plain","optional":true},"kube_dns":{"type":"string","description_kind":"plain","optional":true},"kube_dns_autoscaler":{"type":"string","description_kind":"plain","optional":true},"kube_dns_sidecar":{"type":"string","description_kind":"plain","optional":true},"kubernetes":{"type":"string","description_kind":"plain","optional":true},"kubernetes_services_sidecar":{"type":"string","description_kind":"plain","optional":true},"metrics_server":{"type":"string","description_kind":"plain","optional":true},"nginx_proxy":{"type":"string","description_kind":"plain","optional":true},"nodelocal":{"type":"string","description_kind":"plain","optional":true},"pod_infra_container":{"type":"string","description_kind":"plain","optional":true},"weave_cni":{"type":"string","description_kind":"plain","optional":true},"weave_node":{"type":"string","description_kind":"plain","optional":true},"windows_pod_infra_container":{"type":"string","description_kind":"plain","optional":true}},"description":"RKE k8s cluster system images list","description_kind":"plain"},"max_items":1},"timeouts":{"nesting_mode":"single","block":{"attributes":{"create":{"type":"string","description_kind":"plain","optional":true},"delete":{"type":"string","description_kind":"plain","optional":true},"update":{"type":"string","description_kind":"plain","optional":true}},"description_kind":"plain"}},"upgrade_strategy":{"nesting_mode":"list","block":{"attributes":{"drain":{"type":"bool","description_kind":"plain","optional":true,"computed":true},"max_unavailable_controlplane":{"type":"string","description_kind":"plain","optional":true,"computed":true},"max_unavailable_worker":{"type":"string","description_kind":"plain","optional":true,"computed":true}},"block_types":{"drain_input":{"nesting_mode":"list","block":{"attributes":{"delete_local_data":{"type":"bool","description_kind":"plain","optional":true,"computed":true},"force":{"type":"bool","description_kind":"plain","optional":true,"computed":true},"grace_period":{"type":"number","description_kind":"plain","optional":true,"computed":true},"ignore_daemon_sets":{"type":"bool","description_kind":"plain","optional":true,"computed":true},"timeout":{"type":"number","description_kind":"plain","optional":true,"computed":true}},"description_kind":"plain"},"max_items":1}},"description":"RKE k8s cluster upgrade strategy","description_kind":"plain"},"max_items":1}},"description_kind":"plain"}}}}}}
